
Microsoft Visual Studio Solution File, Format Version 12.00
# Visual Studio Version 16
VisualStudioVersion = 16.0.29926.136
MinimumVisualStudioVersion = 10.0.40219.1
Project("{FAE04EC0-301F-11D3-BF4B-00C04F79EFBC}") = "NeuralNetworks", "NeuralNetworks\NeuralNetworks.csproj", "{2FFEB4F2-D472-4C1B-8D8A-AA36020C926F}"
EndProject
Global
	GlobalSection(SolutionConfigurationPlatforms) = preSolution
		Debug|Any CPU = Debug|Any CPU
		Release|Any CPU = Release|Any CPU
	EndGlobalSection
	GlobalSection(ProjectConfigurationPlatforms) = postSolution
		{2FFEB4F2-D472-4C1B-8D8A-AA36020C926F}.Debug|Any CPU.ActiveCfg = Debug|Any CPU
		{2FFEB4F2-D472-4C1B-8D8A-AA36020C926F}.Debug|Any CPU.Build.0 = Debug|Any CPU
		{2FFEB4F2-D472-4C1B-8D8A-AA36020C926F}.Release|Any CPU.ActiveCfg = Release|Any CPU
		{2FFEB4F2-D472-4C1B-8D8A-AA36020C926F}.Release|Any CPU.Build.0 = Release|Any CPU
	EndGlobalSection
	GlobalSection(SolutionProperties) = preSolution
		HideSolutionNode = FALSE
	EndGlobalSection
	GlobalSection(ExtensibilityGlobals) = postSolution
		SolutionGuid = {12F57F7E-FD07-47EC-962C-E30B083DD320}
	EndGlobalSection
EndGlobal
